
Microsoft Visual Studio Solution File, Format Version 12.00
# Visual Studio Version 17
VisualStudioVersion = 17.9.34728.123
MinimumVisualStudioVersion = 10.0.40219.1
Project("{FAE04EC0-301F-11D3-BF4B-00C04F79EFBC}") = "BankProjectC#", "BankProjectC#.csproj", "{13ABCD5D-B405-4C89-AC51-64BA05BE7881}"
EndProject
Global
	GlobalSection(SolutionConfigurationPlatforms) = preSolution
		Debug|Any CPU = Debug|Any CPU
		Release|Any CPU = Release|Any CPU
	EndGlobalSection
	GlobalSection(ProjectConfigurationPlatforms) = postSolution
		{13ABCD5D-B405-4C89-AC51-64BA05BE7881}.Debug|Any CPU.ActiveCfg = Debug|Any CPU
		{13ABCD5D-B405-4C89-AC51-64BA05BE7881}.Debug|Any CPU.Build.0 = Debug|Any CPU
		{13ABCD5D-B405-4C89-AC51-64BA05BE7881}.Release|Any CPU.ActiveCfg = Release|Any CPU
		{13ABCD5D-B405-4C89-AC51-64BA05BE7881}.Release|Any CPU.Build.0 = Release|Any CPU
	EndGlobalSection
	GlobalSection(SolutionProperties) = preSolution
		HideSolutionNode = FALSE
	EndGlobalSection
	GlobalSection(ExtensibilityGlobals) = postSolution
		SolutionGuid = {D89E6FA3-CC58-4AB6-8B0C-808F9E17EF9B}
	EndGlobalSection
EndGlobal
